
Microsoft Visual Studio Solution File, Format Version 12.00
Project("{FAE04EC0-301F-11D3-BF4B-00C04F79EFBC}") = "GameShop", "GameShop.csproj", "{728FFDB7-BE34-4D70-8BA0-B125B9FABDF2}"
EndProject
Global
	GlobalSection(SolutionConfigurationPlatforms) = preSolution
		Debug|Any CPU = Debug|Any CPU
		Release|Any CPU = Release|Any CPU
	EndGlobalSection
	GlobalSection(ProjectConfigurationPlatforms) = postSolution
		{728FFDB7-BE34-4D70-8BA0-B125B9FABDF2}.Debug|Any CPU.ActiveCfg = Debug|Any CPU
		{728FFDB7-BE34-4D70-8BA0-B125B9FABDF2}.Debug|Any CPU.Build.0 = Debug|Any CPU
		{728FFDB7-BE34-4D70-8BA0-B125B9FABDF2}.Release|Any CPU.ActiveCfg = Release|Any CPU
		{728FFDB7-BE34-4D70-8BA0-B125B9FABDF2}.Release|Any CPU.Build.0 = Release|Any CPU
		{6A266EC8-1864-4B3E-8D34-7C1849A5C048}.Debug|Any CPU.ActiveCfg = Debug|Any CPU
		{6A266EC8-1864-4B3E-8D34-7C1849A5C048}.Debug|Any CPU.Build.0 = Debug|Any CPU
		{6A266EC8-1864-4B3E-8D34-7C1849A5C048}.Release|Any CPU.ActiveCfg = Release|Any CPU
		{6A266EC8-1864-4B3E-8D34-7C1849A5C048}.Release|Any CPU.Build.0 = Release|Any CPU
		{66E8D060-1208-4AB0-8099-5F8C90ABB934}.Debug|Any CPU.ActiveCfg = Debug|Any CPU
		{66E8D060-1208-4AB0-8099-5F8C90ABB934}.Debug|Any CPU.Build.0 = Debug|Any CPU
		{66E8D060-1208-4AB0-8099-5F8C90ABB934}.Release|Any CPU.ActiveCfg = Release|Any CPU
		{66E8D060-1208-4AB0-8099-5F8C90ABB934}.Release|Any CPU.Build.0 = Release|Any CPU
		{F249D515-B12D-4BC1-8023-479B26FCED38}.Debug|Any CPU.ActiveCfg = Debug|Any CPU
		{F249D515-B12D-4BC1-8023-479B26FCED38}.Debug|Any CPU.Build.0 = Debug|Any CPU
		{F249D515-B12D-4BC1-8023-479B26FCED38}.Release|Any CPU.ActiveCfg = Release|Any CPU
		{F249D515-B12D-4BC1-8023-479B26FCED38}.Release|Any CPU.Build.0 = Release|Any CPU
	EndGlobalSection
EndGlobal
